
Microsoft Visual Studio Solution File, Format Version 12.00
# Visual Studio Version 17
VisualStudioVersion = 17.9.34511.98
MinimumVisualStudioVersion = 10.0.40219.1
Project("{8BC9CEB8-8B4A-11D0-8D11-00A0C91BC942}") = "Arrays and structs program 2", "Arrays and structs program 2.vcxproj", "{0C71C665-C446-491D-8035-692C05096D8D}"
EndProject
Global
	GlobalSection(SolutionConfigurationPlatforms) = preSolution
		Debug|x64 = Debug|x64
		Debug|x86 = Debug|x86
		Release|x64 = Release|x64
		Release|x86 = Release|x86
	EndGlobalSection
	GlobalSection(ProjectConfigurationPlatforms) = postSolution
		{0C71C665-C446-491D-8035-692C05096D8D}.Debug|x64.ActiveCfg = Debug|x64
		{0C71C665-C446-491D-8035-692C05096D8D}.Debug|x64.Build.0 = Debug|x64
		{0C71C665-C446-491D-8035-692C05096D8D}.Debug|x86.ActiveCfg = Debug|Win32
		{0C71C665-C446-491D-8035-692C05096D8D}.Debug|x86.Build.0 = Debug|Win32
		{0C71C665-C446-491D-8035-692C05096D8D}.Release|x64.ActiveCfg = Release|x64
		{0C71C665-C446-491D-8035-692C05096D8D}.Release|x64.Build.0 = Release|x64
		{0C71C665-C446-491D-8035-692C05096D8D}.Release|x86.ActiveCfg = Release|Win32
		{0C71C665-C446-491D-8035-692C05096D8D}.Release|x86.Build.0 = Release|Win32
	EndGlobalSection
	GlobalSection(SolutionProperties) = preSolution
		HideSolutionNode = FALSE
	EndGlobalSection
	GlobalSection(ExtensibilityGlobals) = postSolution
		SolutionGuid = {69D78462-AA25-4181-8820-755DFFB2325C}
	EndGlobalSection
EndGlobal
